// !$*UTF8*$!
{
	archiveVersion = 1;
	classes = {
	};
	objectVersion = 50;
	objects = {

/* Begin PBXBuildFile section */
		BD401A3026B2DEA90062EFC2 /* ColorPalette.swift in Sources */ = {isa = PBXBuildFile; fileRef = BD401A2F26B2DEA90062EFC2 /* ColorPalette.swift */; };
		BDA814FC26A8399700690FE1 /* WindowCardsApp.swift in Sources */ = {isa = PBXBuildFile; fileRef = BDA814FB26A8399700690FE1 /* WindowCardsApp.swift */; };
		BDA814FE26A8399700690FE1 /* ContentView.swift in Sources */ = {isa = PBXBuildFile; fileRef = BDA814FD26A8399700690FE1 /* ContentView.swift */; };
		BDA8150026A8399800690FE1 /* Assets.xcassets in Resources */ = {isa = PBXBuildFile; fileRef = BDA814FF26A8399800690FE1 /* Assets.xcassets */; };
		BDA8150326A8399800690FE1 /* Preview Assets.xcassets in Resources */ = {isa = PBXBuildFile; fileRef = BDA8150226A8399800690FE1 /* Preview Assets.xcassets */; };
		BDAEC2D226A9619900E8401B /* DifficultyView.swift in Sources */ = {isa = PBXBuildFile; fileRef = BDAEC2D126A9619900E8401B /* DifficultyView.swift */; };
		BDAEC2D426A9634900E8401B /* VisualEffectView.swift in Sources */ = {isa = PBXBuildFile; fileRef = BDAEC2D326A9634800E8401B /* VisualEffectView.swift */; };
		BDAEC2D626A966CE00E8401B /* DifficultyCardView.swift in Sources */ = {isa = PBXBuildFile; fileRef = BDAEC2D526A966CE00E8401B /* DifficultyCardView.swift */; };
		BDAEC2DA26A9763800E8401B /* OnboardingView.swift in Sources */ = {isa = PBXBuildFile; fileRef = BDAEC2D926A9763800E8401B /* OnboardingView.swift */; };
		BDAEC2DC26A9C0A800E8401B /* GameCardView.swift in Sources */ = {isa = PBXBuildFile; fileRef = BDAEC2DB26A9C0A800E8401B /* GameCardView.swift */; };
		BDAEC2DE26A9C12300E8401B /* KeyboardView.swift in Sources */ = {isa = PBXBuildFile; fileRef = BDAEC2DD26A9C12300E8401B /* KeyboardView.swift */; };
		BDCB4AA426AE02CE00FE3AB6 /* Difficulties.swift in Sources */ = {isa = PBXBuildFile; fileRef = BDCB4AA326AE02CE00FE3AB6 /* Difficulties.swift */; };
/* End PBXBuildFile section */

/* Begin PBXFileReference section */
		BD401A2F26B2DEA90062EFC2 /* ColorPalette.swift */ = {isa = PBXFileReference; lastKnownFileType = sourcecode.swift; path = ColorPalette.swift; sourceTree = "<group>"; };
		BDA814F826A8399700690FE1 /* WindowCards.app */ = {isa = PBXFileReference; explicitFileType = wrapper.application; includeInIndex = 0; path = WindowCards.app; sourceTree = BUILT_PRODUCTS_DIR; };
		BDA814FB26A8399700690FE1 /* WindowCardsApp.swift */ = {isa = PBXFileReference; lastKnownFileType = sourcecode.swift; path = WindowCardsApp.swift; sourceTree = "<group>"; };
		BDA814FD26A8399700690FE1 /* ContentView.swift */ = {isa = PBXFileReference; lastKnownFileType = sourcecode.swift; path = ContentView.swift; sourceTree = "<group>"; };
		BDA814FF26A8399800690FE1 /* Assets.xcassets */ = {isa = PBXFileReference; lastKnownFileType = folder.assetcatalog; path = Assets.xcassets; sourceTree = "<group>"; };
		BDA8150226A8399800690FE1 /* Preview Assets.xcassets */ = {isa = PBXFileReference; lastKnownFileType = folder.assetcatalog; path = "Preview Assets.xcassets"; sourceTree = "<group>"; };
		BDA8150426A8399800690FE1 /* Info.plist */ = {isa = PBXFileReference; lastKnownFileType = text.plist.xml; path = Info.plist; sourceTree = "<group>"; };
		BDAEC2D126A9619900E8401B /* DifficultyView.swift */ = {isa = PBXFileReference; lastKnownFileType = sourcecode.swift; path = DifficultyView.swift; sourceTree = "<group>"; };
		BDAEC2D326A9634800E8401B /* VisualEffectView.swift */ = {isa = PBXFileReference; fileEncoding = 4; lastKnownFileType = sourcecode.swift; path = VisualEffectView.swift; sourceTree = "<group>"; };
		BDAEC2D526A966CE00E8401B /* DifficultyCardView.swift */ = {isa = PBXFileReference; lastKnownFileType = sourcecode.swift; path = DifficultyCardView.swift; sourceTree = "<group>"; };
		BDAEC2D926A9763800E8401B /* OnboardingView.swift */ = {isa = PBXFileReference; fileEncoding = 4; lastKnownFileType = sourcecode.swift; path = OnboardingView.swift; sourceTree = "<group>"; };
		BDAEC2DB26A9C0A800E8401B /* GameCardView.swift */ = {isa = PBXFileReference; lastKnownFileType = sourcecode.swift; path = GameCardView.swift; sourceTree = "<group>"; };
		BDAEC2DD26A9C12300E8401B /* KeyboardView.swift */ = {isa = PBXFileReference; lastKnownFileType = sourcecode.swift; path = KeyboardView.swift; sourceTree = "<group>"; };
		BDCB4AA326AE02CE00FE3AB6 /* Difficulties.swift */ = {isa = PBXFileReference; lastKnownFileType = sourcecode.swift; path = Difficulties.swift; sourceTree = "<group>"; };
/* End PBXFileReference section */

/* Begin PBXFrameworksBuildPhase section */
		BDA814F526A8399700690FE1 /* Frameworks */ = {
			isa = PBXFrameworksBuildPhase;
			buildActionMask = 2147483647;
			files = (
			);
			runOnlyForDeploymentPostprocessing = 0;
		};
/* End PBXFrameworksBuildPhase section */

/* Begin PBXGroup section */
		BDA814EF26A8399700690FE1 = {
			isa = PBXGroup;
			children = (
				BDA814FA26A8399700690FE1 /* WindowCards */,
				BDA814F926A8399700690FE1 /* Products */,
			);
			sourceTree = "<group>";
		};
		BDA814F926A8399700690FE1 /* Products */ = {
			isa = PBXGroup;
			children = (
				BDA814F826A8399700690FE1 /* WindowCards.app */,
			);
			name = Products;
			sourceTree = "<group>";
		};
		BDA814FA26A8399700690FE1 /* WindowCards */ = {
			isa = PBXGroup;
			children = (
				BDA814FB26A8399700690FE1 /* WindowCardsApp.swift */,
				BDA814FD26A8399700690FE1 /* ContentView.swift */,
				BDAEC2DB26A9C0A800E8401B /* GameCardView.swift */,
				BDAEC2DD26A9C12300E8401B /* KeyboardView.swift */,
				BDAEC2D326A9634800E8401B /* VisualEffectView.swift */,
				BDAEC2D926A9763800E8401B /* OnboardingView.swift */,
				BDAEC2D126A9619900E8401B /* DifficultyView.swift */,
				BD401A2F26B2DEA90062EFC2 /* ColorPalette.swift */,
				BDCB4AA326AE02CE00FE3AB6 /* Difficulties.swift */,
				BDAEC2D526A966CE00E8401B /* DifficultyCardView.swift */,
				BDA814FF26A8399800690FE1 /* Assets.xcassets */,
				BDA8150426A8399800690FE1 /* Info.plist */,
				BDA8150126A8399800690FE1 /* Preview Content */,
			);
			path = WindowCards;
			sourceTree = "<group>";
		};
		BDA8150126A8399800690FE1 /* Preview Content */ = {
			isa = PBXGroup;
			children = (
				BDA8150226A8399800690FE1 /* Preview Assets.xcassets */,
			);
			path = "Preview Content";
			sourceTree = "<group>";
		};
/* End PBXGroup section */

/* Begin PBXNativeTarget section */
		BDA814F726A8399700690FE1 /* WindowCards */ = {
			isa = PBXNativeTarget;
			buildConfigurationList = BDA8150726A8399800690FE1 /* Build configuration list for PBXNativeTarget "WindowCards" */;
			buildPhases = (
				BDA814F426A8399700690FE1 /* Sources */,
				BDA814F526A8399700690FE1 /* Frameworks */,
				BDA814F626A8399700690FE1 /* Resources */,
			);
			buildRules = (
			);
			dependencies = (
			);
			name = WindowCards;
			productName = WindowCards;
			productReference = BDA814F826A8399700690FE1 /* WindowCards.app */;
			productType = "com.apple.product-type.application";
		};
/* End PBXNativeTarget section */

/* Begin PBXProject section */
		BDA814F026A8399700690FE1 /* Project object */ = {
			isa = PBXProject;
			attributes = {
				LastSwiftUpdateCheck = 1250;
				LastUpgradeCheck = 1250;
				TargetAttributes = {
					BDA814F726A8399700690FE1 = {
						CreatedOnToolsVersion = 12.5.1;
					};
				};
			};
			buildConfigurationList = BDA814F326A8399700690FE1 /* Build configuration list for PBXProject "WindowCards" */;
			compatibilityVersion = "Xcode 9.3";
			developmentRegion = en;
			hasScannedForEncodings = 0;
			knownRegions = (
				en,
				Base,
			);
			mainGroup = BDA814EF26A8399700690FE1;
			productRefGroup = BDA814F926A8399700690FE1 /* Products */;
			projectDirPath = "";
			projectRoot = "";
			targets = (
				BDA814F726A8399700690FE1 /* WindowCards */,
			);
		};
/* End PBXProject section */

/* Begin PBXResourcesBuildPhase section */
		BDA814F626A8399700690FE1 /* Resources */ = {
			isa = PBXResourcesBuildPhase;
			buildActionMask = 2147483647;
			files = (
				BDA8150326A8399800690FE1 /* Preview Assets.xcassets in Resources */,
				BDA8150026A8399800690FE1 /* Assets.xcassets in Resources */,
			);
			runOnlyForDeploymentPostprocessing = 0;
		};
/* End PBXResourcesBuildPhase section */

/* Begin PBXSourcesBuildPhase section */
		BDA814F426A8399700690FE1 /* Sources */ = {
			isa = PBXSourcesBuildPhase;
			buildActionMask = 2147483647;
			files = (
				BDAEC2D226A9619900E8401B /* DifficultyView.swift in Sources */,
				BDAEC2DE26A9C12300E8401B /* KeyboardView.swift in Sources */,
				BDAEC2D426A9634900E8401B /* VisualEffectView.swift in Sources */,
				BDCB4AA426AE02CE00FE3AB6 /* Difficulties.swift in Sources */,
				BDA814FE26A8399700690FE1 /* ContentView.swift in Sources */,
				BD401A3026B2DEA90062EFC2 /* ColorPalette.swift in Sources */,
				BDAEC2DA26A9763800E8401B /* OnboardingView.swift in Sources */,
				BDA814FC26A8399700690FE1 /* WindowCardsApp.swift in Sources */,
				BDAEC2D626A966CE00E8401B /* DifficultyCardView.swift in Sources */,
				BDAEC2DC26A9C0A800E8401B /* GameCardView.swift in Sources */,
			);
			runOnlyForDeploymentPostprocessing = 0;
		};
/* End PBXSourcesBuildPhase section */

/* Begin XCBuildConfiguration section */
		BDA8150526A8399800690FE1 /* Debug */ = {
			isa = XCBuildConfiguration;
			buildSettings = {
				ALWAYS_SEARCH_USER_PATHS = NO;
				CLANG_ANALYZER_NONNULL = YES;
				CLANG_ANALYZER_NUMBER_OBJECT_CONVERSION = YES_AGGRESSIVE;
				CLANG_CXX_LANGUAGE_STANDARD = "gnu++14";
				CLANG_CXX_LIBRARY = "libc++";
				CLANG_ENABLE_MODULES = YES;
				CLANG_ENABLE_OBJC_ARC = YES;
				CLANG_ENABLE_OBJC_WEAK = YES;
				CLANG_WARN_BLOCK_CAPTURE_AUTORELEASING = YES;
				CLANG_WARN_BOOL_CONVERSION = YES;
				CLANG_WARN_COMMA = YES;
				CLANG_WARN_CONSTANT_CONVERSION = YES;
				CLANG_WARN_DEPRECATED_OBJC_IMPLEMENTATIONS = YES;
				CLANG_WARN_DIRECT_OBJC_ISA_USAGE = YES_ERROR;
				CLANG_WARN_DOCUMENTATION_COMMENTS = YES;
				CLANG_WARN_EMPTY_BODY = YES;
				CLANG_WARN_ENUM_CONVERSION = YES;
				CLANG_WARN_INFINITE_RECURSION = YES;
				CLANG_WARN_INT_CONVERSION = YES;
				CLANG_WARN_NON_LITERAL_NULL_CONVERSION = YES;
				CLANG_WARN_OBJC_IMPLICIT_RETAIN_SELF = YES;
				CLANG_WARN_OBJC_LITERAL_CONVERSION = YES;
				CLANG_WARN_OBJC_ROOT_CLASS = YES_ERROR;
				CLANG_WARN_QUOTED_INCLUDE_IN_FRAMEWORK_HEADER = YES;
				CLANG_WARN_RANGE_LOOP_ANALYSIS = YES;
				CLANG_WARN_STRICT_PROTOTYPES = YES;
				CLANG_WARN_SUSPICIOUS_MOVE = YES;
				CLANG_WARN_UNGUARDED_AVAILABILITY = YES_AGGRESSIVE;
				CLANG_WARN_UNREACHABLE_CODE = YES;
				CLANG_WARN__DUPLICATE_METHOD_MATCH = YES;
				COPY_PHASE_STRIP = NO;
				DEBUG_INFORMATION_FORMAT = dwarf;
				ENABLE_STRICT_OBJC_MSGSEND = YES;
				ENABLE_TESTABILITY = YES;
				GCC_C_LANGUAGE_STANDARD = gnu11;
				GCC_DYNAMIC_NO_PIC = NO;
				GCC_NO_COMMON_BLOCKS = YES;
				GCC_OPTIMIZATION_LEVEL = 0;
				GCC_PREPROCESSOR_DEFINITIONS = (
					"DEBUG=1",
					"$(inherited)",
				);
				GCC_WARN_64_TO_32_BIT_CONVERSION = YES;
				GCC_WARN_ABOUT_RETURN_TYPE = YES_ERROR;
				GCC_WARN_UNDECLARED_SELECTOR = YES;
				GCC_WARN_UNINITIALIZED_AUTOS = YES_AGGRESSIVE;
				GCC_WARN_UNUSED_FUNCTION = YES;
				GCC_WARN_UNUSED_VARIABLE = YES;
				IPHONEOS_DEPLOYMENT_TARGET = 14.5;
				MTL_ENABLE_DEBUG_INFO = INCLUDE_SOURCE;
				MTL_FAST_MATH = YES;
				ONLY_ACTIVE_ARCH = YES;
				SDKROOT = iphoneos;
				SWIFT_ACTIVE_COMPILATION_CONDITIONS = DEBUG;
				SWIFT_OPTIMIZATION_LEVEL = "-Onone";
			};
			name = Debug;
		};
		BDA8150626A8399800690FE1 /* Release */ = {
			isa = XCBuildConfiguration;
			buildSettings = {
				ALWAYS_SEARCH_USER_PATHS = NO;
				CLANG_ANALYZER_NONNULL = YES;
				CLANG_ANALYZER_NUMBER_OBJECT_CONVERSION = YES_AGGRESSIVE;
				CLANG_CXX_LANGUAGE_STANDARD = "gnu++14";
				CLANG_CXX_LIBRARY = "libc++";
				CLANG_ENABLE_MODULES = YES;
				CLANG_ENABLE_OBJC_ARC = YES;
				CLANG_ENABLE_OBJC_WEAK = YES;
				CLANG_WARN_BLOCK_CAPTURE_AUTORELEASING = YES;
				CLANG_WARN_BOOL_CONVERSION = YES;
				CLANG_WARN_COMMA = YES;
				CLANG_WARN_CONSTANT_CONVERSION = YES;
				CLANG_WARN_DEPRECATED_OBJC_IMPLEMENTATIONS = YES;
				CLANG_WARN_DIRECT_OBJC_ISA_USAGE = YES_ERROR;
				CLANG_WARN_DOCUMENTATION_COMMENTS = YES;
				CLANG_WARN_EMPTY_BODY = YES;
				CLANG_WARN_ENUM_CONVERSION = YES;
				CLANG_WARN_INFINITE_RECURSION = YES;
				CLANG_WARN_INT_CONVERSION = YES;
				CLANG_WARN_NON_LITERAL_NULL_CONVERSION = YES;
				CLANG_WARN_OBJC_IMPLICIT_RETAIN_SELF = YES;
				CLANG_WARN_OBJC_LITERAL_CONVERSION = YES;
				CLANG_WARN_OBJC_ROOT_CLASS = YES_ERROR;
				CLANG_WARN_QUOTED_INCLUDE_IN_FRAMEWORK_HEADER = YES;
				CLANG_WARN_RANGE_LOOP_ANALYSIS = YES;
				CLANG_WARN_STRICT_PROTOTYPES = YES;
				CLANG_WARN_SUSPICIOUS_MOVE = YES;
				CLANG_WARN_UNGUARDED_AVAILABILITY = YES_AGGRESSIVE;
				CLANG_WARN_UNREACHABLE_CODE = YES;
				CLANG_WARN__DUPLICATE_METHOD_MATCH = YES;
				COPY_PHASE_STRIP = NO;
				DEBUG_INFORMATION_FORMAT = "dwarf-with-dsym";
				ENABLE_NS_ASSERTIONS = NO;
				ENABLE_STRICT_OBJC_MSGSEND = YES;
				GCC_C_LANGUAGE_STANDARD = gnu11;
				GCC_NO_COMMON_BLOCKS = YES;
				GCC_WARN_64_TO_32_BIT_CONVERSION = YES;
				GCC_WARN_ABOUT_RETURN_TYPE = YES_ERROR;
				GCC_WARN_UNDECLARED_SELECTOR = YES;
				GCC_WARN_UNINITIALIZED_AUTOS = YES_AGGRESSIVE;
				GCC_WARN_UNUSED_FUNCTION = YES;
				GCC_WARN_UNUSED_VARIABLE = YES;
				IPHONEOS_DEPLOYMENT_TARGET = 14.5;
				MTL_ENABLE_DEBUG_INFO = NO;
				MTL_FAST_MATH = YES;
				SDKROOT = iphoneos;
				SWIFT_COMPILATION_MODE = wholemodule;
				SWIFT_OPTIMIZATION_LEVEL = "-O";
				VALIDATE_PRODUCT = YES;
			};
			name = Release;
		};
		BDA8150826A8399800690FE1 /* Debug */ = {
			isa = XCBuildConfiguration;
			buildSettings = {
				ASSETCATALOG_COMPILER_APPICON_NAME = AppIcon;
				ASSETCATALOG_COMPILER_GLOBAL_ACCENT_COLOR_NAME = AccentColor;
				CODE_SIGN_STYLE = Automatic;
				DEVELOPMENT_ASSET_PATHS = "\"WindowCards/Preview Content\"";
				DEVELOPMENT_TEAM = 82VLD4N55H;
				ENABLE_PREVIEWS = YES;
				INFOPLIST_FILE = WindowCards/Info.plist;
				IPHONEOS_DEPLOYMENT_TARGET = 14.0;
				LD_RUNPATH_SEARCH_PATHS = (
					"$(inherited)",
					"@executable_path/Frameworks",
				);
				PRODUCT_BUNDLE_IDENTIFIER = com.vincio.WindowCards;
				PRODUCT_NAME = "$(TARGET_NAME)";
				SWIFT_VERSION = 5.0;
				TARGETED_DEVICE_FAMILY = "1,2";
			};
			name = Debug;
		};
		BDA8150926A8399800690FE1 /* Release */ = {
			isa = XCBuildConfiguration;
			buildSettings = {
				ASSETCATALOG_COMPILER_APPICON_NAME = AppIcon;
				ASSETCATALOG_COMPILER_GLOBAL_ACCENT_COLOR_NAME = AccentColor;
				CODE_SIGN_STYLE = Automatic;
				DEVELOPMENT_ASSET_PATHS = "\"WindowCards/Preview Content\"";
				DEVELOPMENT_TEAM = 82VLD4N55H;
				ENABLE_PREVIEWS = YES;
				INFOPLIST_FILE = WindowCards/Info.plist;
				IPHONEOS_DEPLOYMENT_TARGET = 14.0;
				LD_RUNPATH_SEARCH_PATHS = (
					"$(inherited)",
					"@executable_path/Frameworks",
				);
				PRODUCT_BUNDLE_IDENTIFIER = com.vincio.WindowCards;
				PRODUCT_NAME = "$(TARGET_NAME)";
				SWIFT_VERSION = 5.0;
				TARGETED_DEVICE_FAMILY = "1,2";
			};
			name = Release;
		};
/* End XCBuildConfiguration section */

/* Begin XCConfigurationList section */
		BDA814F326A8399700690FE1 /* Build configuration list for PBXProject "WindowCards" */ = {
			isa = XCConfigurationList;
			buildConfigurations = (
				BDA8150526A8399800690FE1 /* Debug */,
				BDA8150626A8399800690FE1 /* Release */,
			);
			defaultConfigurationIsVisible = 0;
			defaultConfigurationName = Release;
		};
		BDA8150726A8399800690FE1 /* Build configuration list for PBXNativeTarget "WindowCards" */ = {
			isa = XCConfigurationList;
			buildConfigurations = (
				BDA8150826A8399800690FE1 /* Debug */,
				BDA8150926A8399800690FE1 /* Release */,
			);
			defaultConfigurationIsVisible = 0;
			defaultConfigurationName = Release;
		};
/* End XCConfigurationList section */
	};
	rootObject = BDA814F026A8399700690FE1 /* Project object */;
}
